
Microsoft Visual Studio Solution File, Format Version 12.00
# Visual Studio Version 17
VisualStudioVersion = 17.0.31903.59
MinimumVisualStudioVersion = 10.0.40219.1
Project("{FAE04EC0-301F-11D3-BF4B-00C04F79EFBC}") = "StoreApp", "StoreApp\StoreApp.csproj", "{77F01813-A890-4458-9D28-558EE6649ADF}"
EndProject
Project("{FAE04EC0-301F-11D3-BF4B-00C04F79EFBC}") = "Entities", "Entities\Entities.csproj", "{44DBAC49-B591-42D6-AD9F-497ACB66D2D5}"
EndProject
Project("{FAE04EC0-301F-11D3-BF4B-00C04F79EFBC}") = "Repositories", "Repositories\Repositories.csproj", "{01F95175-6190-48A3-B04C-49C47F75E7F9}"
EndProject
Project("{FAE04EC0-301F-11D3-BF4B-00C04F79EFBC}") = "Services", "Services\Services.csproj", "{F4F3D5B9-5078-481F-9680-787A1C41EEF2}"
EndProject
Global
	GlobalSection(SolutionConfigurationPlatforms) = preSolution
		Debug|Any CPU = Debug|Any CPU
		Release|Any CPU = Release|Any CPU
	EndGlobalSection
	GlobalSection(SolutionProperties) = preSolution
		HideSolutionNode = FALSE
	EndGlobalSection
	GlobalSection(ProjectConfigurationPlatforms) = postSolution
		{77F01813-A890-4458-9D28-558EE6649ADF}.Debug|Any CPU.ActiveCfg = Debug|Any CPU
		{77F01813-A890-4458-9D28-558EE6649ADF}.Debug|Any CPU.Build.0 = Debug|Any CPU
		{77F01813-A890-4458-9D28-558EE6649ADF}.Release|Any CPU.ActiveCfg = Release|Any CPU
		{77F01813-A890-4458-9D28-558EE6649ADF}.Release|Any CPU.Build.0 = Release|Any CPU
		{44DBAC49-B591-42D6-AD9F-497ACB66D2D5}.Debug|Any CPU.ActiveCfg = Debug|Any CPU
		{44DBAC49-B591-42D6-AD9F-497ACB66D2D5}.Debug|Any CPU.Build.0 = Debug|Any CPU
		{44DBAC49-B591-42D6-AD9F-497ACB66D2D5}.Release|Any CPU.ActiveCfg = Release|Any CPU
		{44DBAC49-B591-42D6-AD9F-497ACB66D2D5}.Release|Any CPU.Build.0 = Release|Any CPU
		{01F95175-6190-48A3-B04C-49C47F75E7F9}.Debug|Any CPU.ActiveCfg = Debug|Any CPU
		{01F95175-6190-48A3-B04C-49C47F75E7F9}.Debug|Any CPU.Build.0 = Debug|Any CPU
		{01F95175-6190-48A3-B04C-49C47F75E7F9}.Release|Any CPU.ActiveCfg = Release|Any CPU
		{01F95175-6190-48A3-B04C-49C47F75E7F9}.Release|Any CPU.Build.0 = Release|Any CPU
		{F4F3D5B9-5078-481F-9680-787A1C41EEF2}.Debug|Any CPU.ActiveCfg = Debug|Any CPU
		{F4F3D5B9-5078-481F-9680-787A1C41EEF2}.Debug|Any CPU.Build.0 = Debug|Any CPU
		{F4F3D5B9-5078-481F-9680-787A1C41EEF2}.Release|Any CPU.ActiveCfg = Release|Any CPU
		{F4F3D5B9-5078-481F-9680-787A1C41EEF2}.Release|Any CPU.Build.0 = Release|Any CPU
	EndGlobalSection
EndGlobal
